
Microsoft Visual Studio Solution File, Format Version 12.00
# Visual Studio Version 17
VisualStudioVersion = 17.14.36327.8 d17.14
MinimumVisualStudioVersion = 10.0.40219.1
Project("{FAE04EC0-301F-11D3-BF4B-00C04F79EFBC}") = "Assignment 5.2.3", "Assignment 5.2.3.csproj", "{74BCA6F2-1CD2-4AA3-8471-41C5D1B45501}"
EndProject
Global
	GlobalSection(SolutionConfigurationPlatforms) = preSolution
		Debug|Any CPU = Debug|Any CPU
		Release|Any CPU = Release|Any CPU
	EndGlobalSection
	GlobalSection(ProjectConfigurationPlatforms) = postSolution
		{74BCA6F2-1CD2-4AA3-8471-41C5D1B45501}.Debug|Any CPU.ActiveCfg = Debug|Any CPU
		{74BCA6F2-1CD2-4AA3-8471-41C5D1B45501}.Debug|Any CPU.Build.0 = Debug|Any CPU
		{74BCA6F2-1CD2-4AA3-8471-41C5D1B45501}.Release|Any CPU.ActiveCfg = Release|Any CPU
		{74BCA6F2-1CD2-4AA3-8471-41C5D1B45501}.Release|Any CPU.Build.0 = Release|Any CPU
	EndGlobalSection
	GlobalSection(SolutionProperties) = preSolution
		HideSolutionNode = FALSE
	EndGlobalSection
	GlobalSection(ExtensibilityGlobals) = postSolution
		SolutionGuid = {CF3135F5-4754-4CD7-A721-319F789BB299}
	EndGlobalSection
EndGlobal
